
Microsoft Visual Studio Solution File, Format Version 12.00
# Visual Studio Version 16
VisualStudioVersion = 16.0.33927.289
MinimumVisualStudioVersion = 10.0.40219.1
Project("{FAE04EC0-301F-11D3-BF4B-00C04F79EFBC}") = "QFPHARMA_PUBLICACION", "QFPHARMA_PUBLICACION\QFPHARMA_PUBLICACION.csproj", "{E944E3EF-01C7-4802-8D3C-37DD5A0C1304}"
EndProject
Global
	GlobalSection(SolutionConfigurationPlatforms) = preSolution
		Debug|Any CPU = Debug|Any CPU
		Release|Any CPU = Release|Any CPU
	EndGlobalSection
	GlobalSection(ProjectConfigurationPlatforms) = postSolution
		{E944E3EF-01C7-4802-8D3C-37DD5A0C1304}.Debug|Any CPU.ActiveCfg = Debug|Any CPU
		{E944E3EF-01C7-4802-8D3C-37DD5A0C1304}.Debug|Any CPU.Build.0 = Debug|Any CPU
		{E944E3EF-01C7-4802-8D3C-37DD5A0C1304}.Release|Any CPU.ActiveCfg = Release|Any CPU
		{E944E3EF-01C7-4802-8D3C-37DD5A0C1304}.Release|Any CPU.Build.0 = Release|Any CPU
	EndGlobalSection
	GlobalSection(SolutionProperties) = preSolution
		HideSolutionNode = FALSE
	EndGlobalSection
	GlobalSection(ExtensibilityGlobals) = postSolution
		SolutionGuid = {0E9FE876-D929-4FAB-BBD7-D553D0AF7C1B}
	EndGlobalSection
EndGlobal
